// !$*UTF8*$!
{
	archiveVersion = 1;
	classes = {
	};
	objectVersion = 46;
	objects = {

/* Begin PBXBuildFile section */
		D240737A1D90F9FF00BF6D1D /* test.jpg in Resources */ = {isa = PBXBuildFile; fileRef = D24073791D90F9FF00BF6D1D /* test.jpg */; };
		D240737C1D90FD0F00BF6D1D /* View.xib in Resources */ = {isa = PBXBuildFile; fileRef = D240737B1D90FD0F00BF6D1D /* View.xib */; };
		D2CA212B1D8ED50E00EF7B8F /* main.m in Sources */ = {isa = PBXBuildFile; fileRef = D2CA212A1D8ED50E00EF7B8F /* main.m */; };
		D2CA212E1D8ED50E00EF7B8F /* AppDelegate.m in Sources */ = {isa = PBXBuildFile; fileRef = D2CA212D1D8ED50E00EF7B8F /* AppDelegate.m */; };
		D2CA21311D8ED50E00EF7B8F /* ViewController.mm in Sources */ = {isa = PBXBuildFile; fileRef = D2CA21301D8ED50E00EF7B8F /* ViewController.mm */; };
		D2CA21341D8ED50E00EF7B8F /* Main.storyboard in Resources */ = {isa = PBXBuildFile; fileRef = D2CA21321D8ED50E00EF7B8F /* Main.storyboard */; };
		D2CA21361D8ED50E00EF7B8F /* Assets.xcassets in Resources */ = {isa = PBXBuildFile; fileRef = D2CA21351D8ED50E00EF7B8F /* Assets.xcassets */; };
		D2CA21391D8ED50E00EF7B8F /* LaunchScreen.storyboard in Resources */ = {isa = PBXBuildFile; fileRef = D2CA21371D8ED50E00EF7B8F /* LaunchScreen.storyboard */; };
		D2CA21421D8ED54900EF7B8F /* HFLiterals.m in Sources */ = {isa = PBXBuildFile; fileRef = D2CA21411D8ED54900EF7B8F /* HFLiterals.m */; };
/* End PBXBuildFile section */

/* Begin PBXFileReference section */
		D24073791D90F9FF00BF6D1D /* test.jpg */ = {isa = PBXFileReference; lastKnownFileType = image.jpeg; path = test.jpg; sourceTree = "<group>"; };
		D240737B1D90FD0F00BF6D1D /* View.xib */ = {isa = PBXFileReference; fileEncoding = 4; lastKnownFileType = file.xib; path = View.xib; sourceTree = "<group>"; };
		D2CA21261D8ED50E00EF7B8F /* HFLiterals.app */ = {isa = PBXFileReference; explicitFileType = wrapper.application; includeInIndex = 0; path = HFLiterals.app; sourceTree = BUILT_PRODUCTS_DIR; };
		D2CA212A1D8ED50E00EF7B8F /* main.m */ = {isa = PBXFileReference; lastKnownFileType = sourcecode.c.objc; path = main.m; sourceTree = "<group>"; };
		D2CA212C1D8ED50E00EF7B8F /* AppDelegate.h */ = {isa = PBXFileReference; lastKnownFileType = sourcecode.c.h; path = AppDelegate.h; sourceTree = "<group>"; };
		D2CA212D1D8ED50E00EF7B8F /* AppDelegate.m */ = {isa = PBXFileReference; lastKnownFileType = sourcecode.c.objc; path = AppDelegate.m; sourceTree = "<group>"; };
		D2CA212F1D8ED50E00EF7B8F /* ViewController.h */ = {isa = PBXFileReference; lastKnownFileType = sourcecode.c.h; path = ViewController.h; sourceTree = "<group>"; };
		D2CA21301D8ED50E00EF7B8F /* ViewController.mm */ = {isa = PBXFileReference; lastKnownFileType = sourcecode.cpp.objcpp; path = ViewController.mm; sourceTree = "<group>"; };
		D2CA21331D8ED50E00EF7B8F /* Base */ = {isa = PBXFileReference; lastKnownFileType = file.storyboard; name = Base; path = Base.lproj/Main.storyboard; sourceTree = "<group>"; };
		D2CA21351D8ED50E00EF7B8F /* Assets.xcassets */ = {isa = PBXFileReference; lastKnownFileType = folder.assetcatalog; path = Assets.xcassets; sourceTree = "<group>"; };
		D2CA21381D8ED50E00EF7B8F /* Base */ = {isa = PBXFileReference; lastKnownFileType = file.storyboard; name = Base; path = Base.lproj/LaunchScreen.storyboard; sourceTree = "<group>"; };
		D2CA213A1D8ED50E00EF7B8F /* Info.plist */ = {isa = PBXFileReference; lastKnownFileType = text.plist.xml; path = Info.plist; sourceTree = "<group>"; };
		D2CA21401D8ED54900EF7B8F /* HFLiterals.h */ = {isa = PBXFileReference; fileEncoding = 4; lastKnownFileType = sourcecode.c.h; path = HFLiterals.h; sourceTree = "<group>"; };
		D2CA21411D8ED54900EF7B8F /* HFLiterals.m */ = {isa = PBXFileReference; fileEncoding = 4; lastKnownFileType = sourcecode.c.objc; path = HFLiterals.m; sourceTree = "<group>"; };
		D2E853DB1D8FC0AB00CABBCD /* HFLiteralTraits.h */ = {isa = PBXFileReference; lastKnownFileType = sourcecode.c.h; path = HFLiteralTraits.h; sourceTree = "<group>"; };
/* End PBXFileReference section */

/* Begin PBXFrameworksBuildPhase section */
		D2CA21231D8ED50E00EF7B8F /* Frameworks */ = {
			isa = PBXFrameworksBuildPhase;
			buildActionMask = 2147483647;
			files = (
			);
			runOnlyForDeploymentPostprocessing = 0;
		};
/* End PBXFrameworksBuildPhase section */

/* Begin PBXGroup section */
		D2CA211D1D8ED50E00EF7B8F = {
			isa = PBXGroup;
			children = (
				D2CA21281D8ED50E00EF7B8F /* HFLiterals */,
				D2CA21271D8ED50E00EF7B8F /* Products */,
			);
			sourceTree = "<group>";
		};
		D2CA21271D8ED50E00EF7B8F /* Products */ = {
			isa = PBXGroup;
			children = (
				D2CA21261D8ED50E00EF7B8F /* HFLiterals.app */,
			);
			name = Products;
			sourceTree = "<group>";
		};
		D2CA21281D8ED50E00EF7B8F /* HFLiterals */ = {
			isa = PBXGroup;
			children = (
				D24073791D90F9FF00BF6D1D /* test.jpg */,
				D2CA212C1D8ED50E00EF7B8F /* AppDelegate.h */,
				D2CA212D1D8ED50E00EF7B8F /* AppDelegate.m */,
				D2CA212F1D8ED50E00EF7B8F /* ViewController.h */,
				D2CA21301D8ED50E00EF7B8F /* ViewController.mm */,
				D2CA21321D8ED50E00EF7B8F /* Main.storyboard */,
				D240737B1D90FD0F00BF6D1D /* View.xib */,
				D2CA21401D8ED54900EF7B8F /* HFLiterals.h */,
				D2CA21411D8ED54900EF7B8F /* HFLiterals.m */,
				D2E853DB1D8FC0AB00CABBCD /* HFLiteralTraits.h */,
				D2CA21351D8ED50E00EF7B8F /* Assets.xcassets */,
				D2CA21371D8ED50E00EF7B8F /* LaunchScreen.storyboard */,
				D2CA213A1D8ED50E00EF7B8F /* Info.plist */,
				D2CA21291D8ED50E00EF7B8F /* Supporting Files */,
			);
			path = HFLiterals;
			sourceTree = "<group>";
		};
		D2CA21291D8ED50E00EF7B8F /* Supporting Files */ = {
			isa = PBXGroup;
			children = (
				D2CA212A1D8ED50E00EF7B8F /* main.m */,
			);
			name = "Supporting Files";
			sourceTree = "<group>";
		};
/* End PBXGroup section */

/* Begin PBXNativeTarget section */
		D2CA21251D8ED50E00EF7B8F /* HFLiterals */ = {
			isa = PBXNativeTarget;
			buildConfigurationList = D2CA213D1D8ED50E00EF7B8F /* Build configuration list for PBXNativeTarget "HFLiterals" */;
			buildPhases = (
				D2CA21221D8ED50E00EF7B8F /* Sources */,
				D2CA21231D8ED50E00EF7B8F /* Frameworks */,
				D2CA21241D8ED50E00EF7B8F /* Resources */,
			);
			buildRules = (
			);
			dependencies = (
			);
			name = HFLiterals;
			productName = HFLiterals;
			productReference = D2CA21261D8ED50E00EF7B8F /* HFLiterals.app */;
			productType = "com.apple.product-type.application";
		};
/* End PBXNativeTarget section */

/* Begin PBXProject section */
		D2CA211E1D8ED50E00EF7B8F /* Project object */ = {
			isa = PBXProject;
			attributes = {
				CLASSPREFIX = HF;
				LastUpgradeCheck = 0730;
				ORGANIZATIONNAME = crazylhf;
				TargetAttributes = {
					D2CA21251D8ED50E00EF7B8F = {
						CreatedOnToolsVersion = 7.3.1;
					};
				};
			};
			buildConfigurationList = D2CA21211D8ED50E00EF7B8F /* Build configuration list for PBXProject "HFLiterals" */;
			compatibilityVersion = "Xcode 3.2";
			developmentRegion = English;
			hasScannedForEncodings = 0;
			knownRegions = (
				en,
				Base,
			);
			mainGroup = D2CA211D1D8ED50E00EF7B8F;
			productRefGroup = D2CA21271D8ED50E00EF7B8F /* Products */;
			projectDirPath = "";
			projectRoot = "";
			targets = (
				D2CA21251D8ED50E00EF7B8F /* HFLiterals */,
			);
		};
/* End PBXProject section */

/* Begin PBXResourcesBuildPhase section */
		D2CA21241D8ED50E00EF7B8F /* Resources */ = {
			isa = PBXResourcesBuildPhase;
			buildActionMask = 2147483647;
			files = (
				D2CA21391D8ED50E00EF7B8F /* LaunchScreen.storyboard in Resources */,
				D240737C1D90FD0F00BF6D1D /* View.xib in Resources */,
				D2CA21361D8ED50E00EF7B8F /* Assets.xcassets in Resources */,
				D2CA21341D8ED50E00EF7B8F /* Main.storyboard in Resources */,
				D240737A1D90F9FF00BF6D1D /* test.jpg in Resources */,
			);
			runOnlyForDeploymentPostprocessing = 0;
		};
/* End PBXResourcesBuildPhase section */

/* Begin PBXSourcesBuildPhase section */
		D2CA21221D8ED50E00EF7B8F /* Sources */ = {
			isa = PBXSourcesBuildPhase;
			buildActionMask = 2147483647;
			files = (
				D2CA21311D8ED50E00EF7B8F /* ViewController.mm in Sources */,
				D2CA21421D8ED54900EF7B8F /* HFLiterals.m in Sources */,
				D2CA212E1D8ED50E00EF7B8F /* AppDelegate.m in Sources */,
				D2CA212B1D8ED50E00EF7B8F /* main.m in Sources */,
			);
			runOnlyForDeploymentPostprocessing = 0;
		};
/* End PBXSourcesBuildPhase section */

/* Begin PBXVariantGroup section */
		D2CA21321D8ED50E00EF7B8F /* Main.storyboard */ = {
			isa = PBXVariantGroup;
			children = (
				D2CA21331D8ED50E00EF7B8F /* Base */,
			);
			name = Main.storyboard;
			sourceTree = "<group>";
		};
		D2CA21371D8ED50E00EF7B8F /* LaunchScreen.storyboard */ = {
			isa = PBXVariantGroup;
			children = (
				D2CA21381D8ED50E00EF7B8F /* Base */,
			);
			name = LaunchScreen.storyboard;
			sourceTree = "<group>";
		};
/* End PBXVariantGroup section */

/* Begin XCBuildConfiguration section */
		D2CA213B1D8ED50E00EF7B8F /* Debug */ = {
			isa = XCBuildConfiguration;
			buildSettings = {
				ALWAYS_SEARCH_USER_PATHS = NO;
				CLANG_ANALYZER_NONNULL = YES;
				CLANG_CXX_LANGUAGE_STANDARD = "gnu++0x";
				CLANG_CXX_LIBRARY = "libc++";
				CLANG_ENABLE_MODULES = YES;
				CLANG_ENABLE_OBJC_ARC = YES;
				CLANG_WARN_BOOL_CONVERSION = YES;
				CLANG_WARN_CONSTANT_CONVERSION = YES;
				CLANG_WARN_DIRECT_OBJC_ISA_USAGE = YES_ERROR;
				CLANG_WARN_EMPTY_BODY = YES;
				CLANG_WARN_ENUM_CONVERSION = YES;
				CLANG_WARN_INT_CONVERSION = YES;
				CLANG_WARN_OBJC_ROOT_CLASS = YES_ERROR;
				CLANG_WARN_UNREACHABLE_CODE = YES;
				CLANG_WARN__DUPLICATE_METHOD_MATCH = YES;
				"CODE_SIGN_IDENTITY[sdk=iphoneos*]" = "iPhone Developer";
				COPY_PHASE_STRIP = NO;
				DEBUG_INFORMATION_FORMAT = dwarf;
				ENABLE_STRICT_OBJC_MSGSEND = YES;
				ENABLE_TESTABILITY = YES;
				GCC_C_LANGUAGE_STANDARD = gnu99;
				GCC_DYNAMIC_NO_PIC = NO;
				GCC_NO_COMMON_BLOCKS = YES;
				GCC_OPTIMIZATION_LEVEL = 0;
				GCC_PREPROCESSOR_DEFINITIONS = (
					"DEBUG=1",
					"$(inherited)",
				);
				GCC_WARN_64_TO_32_BIT_CONVERSION = YES;
				GCC_WARN_ABOUT_RETURN_TYPE = YES_ERROR;
				GCC_WARN_UNDECLARED_SELECTOR = YES;
				GCC_WARN_UNINITIALIZED_AUTOS = YES_AGGRESSIVE;
				GCC_WARN_UNUSED_FUNCTION = YES;
				GCC_WARN_UNUSED_VARIABLE = YES;
				IPHONEOS_DEPLOYMENT_TARGET = 9.3;
				MTL_ENABLE_DEBUG_INFO = YES;
				ONLY_ACTIVE_ARCH = YES;
				SDKROOT = iphoneos;
			};
			name = Debug;
		};
		D2CA213C1D8ED50E00EF7B8F /* Release */ = {
			isa = XCBuildConfiguration;
			buildSettings = {
				ALWAYS_SEARCH_USER_PATHS = NO;
				CLANG_ANALYZER_NONNULL = YES;
				CLANG_CXX_LANGUAGE_STANDARD = "gnu++0x";
				CLANG_CXX_LIBRARY = "libc++";
				CLANG_ENABLE_MODULES = YES;
				CLANG_ENABLE_OBJC_ARC = YES;
				CLANG_WARN_BOOL_CONVERSION = YES;
				CLANG_WARN_CONSTANT_CONVERSION = YES;
				CLANG_WARN_DIRECT_OBJC_ISA_USAGE = YES_ERROR;
				CLANG_WARN_EMPTY_BODY = YES;
				CLANG_WARN_ENUM_CONVERSION = YES;
				CLANG_WARN_INT_CONVERSION = YES;
				CLANG_WARN_OBJC_ROOT_CLASS = YES_ERROR;
				CLANG_WARN_UNREACHABLE_CODE = YES;
				CLANG_WARN__DUPLICATE_METHOD_MATCH = YES;
				"CODE_SIGN_IDENTITY[sdk=iphoneos*]" = "iPhone Developer";
				COPY_PHASE_STRIP = NO;
				DEBUG_INFORMATION_FORMAT = "dwarf-with-dsym";
				ENABLE_NS_ASSERTIONS = NO;
				ENABLE_STRICT_OBJC_MSGSEND = YES;
				GCC_C_LANGUAGE_STANDARD = gnu99;
				GCC_NO_COMMON_BLOCKS = YES;
				GCC_WARN_64_TO_32_BIT_CONVERSION = YES;
				GCC_WARN_ABOUT_RETURN_TYPE = YES_ERROR;
				GCC_WARN_UNDECLARED_SELECTOR = YES;
				GCC_WARN_UNINITIALIZED_AUTOS = YES_AGGRESSIVE;
				GCC_WARN_UNUSED_FUNCTION = YES;
				GCC_WARN_UNUSED_VARIABLE = YES;
				IPHONEOS_DEPLOYMENT_TARGET = 9.3;
				MTL_ENABLE_DEBUG_INFO = NO;
				SDKROOT = iphoneos;
				VALIDATE_PRODUCT = YES;
			};
			name = Release;
		};
		D2CA213E1D8ED50E00EF7B8F /* Debug */ = {
			isa = XCBuildConfiguration;
			buildSettings = {
				ASSETCATALOG_COMPILER_APPICON_NAME = AppIcon;
				INFOPLIST_FILE = HFLiterals/Info.plist;
				IPHONEOS_DEPLOYMENT_TARGET = 7.0;
				LD_RUNPATH_SEARCH_PATHS = "$(inherited) @executable_path/Frameworks";
				PRODUCT_BUNDLE_IDENTIFIER = com.crazylhf.enterprise.HFLiterals;
				PRODUCT_NAME = "$(TARGET_NAME)";
			};
			name = Debug;
		};
		D2CA213F1D8ED50E00EF7B8F /* Release */ = {
			isa = XCBuildConfiguration;
			buildSettings = {
				ASSETCATALOG_COMPILER_APPICON_NAME = AppIcon;
				INFOPLIST_FILE = HFLiterals/Info.plist;
				IPHONEOS_DEPLOYMENT_TARGET = 7.0;
				LD_RUNPATH_SEARCH_PATHS = "$(inherited) @executable_path/Frameworks";
				PRODUCT_BUNDLE_IDENTIFIER = com.crazylhf.enterprise.HFLiterals;
				PRODUCT_NAME = "$(TARGET_NAME)";
			};
			name = Release;
		};
/* End XCBuildConfiguration section */

/* Begin XCConfigurationList section */
		D2CA21211D8ED50E00EF7B8F /* Build configuration list for PBXProject "HFLiterals" */ = {
			isa = XCConfigurationList;
			buildConfigurations = (
				D2CA213B1D8ED50E00EF7B8F /* Debug */,
				D2CA213C1D8ED50E00EF7B8F /* Release */,
			);
			defaultConfigurationIsVisible = 0;
			defaultConfigurationName = Release;
		};
		D2CA213D1D8ED50E00EF7B8F /* Build configuration list for PBXNativeTarget "HFLiterals" */ = {
			isa = XCConfigurationList;
			buildConfigurations = (
				D2CA213E1D8ED50E00EF7B8F /* Debug */,
				D2CA213F1D8ED50E00EF7B8F /* Release */,
			);
			defaultConfigurationIsVisible = 0;
			defaultConfigurationName = Release;
		};
/* End XCConfigurationList section */
	};
	rootObject = D2CA211E1D8ED50E00EF7B8F /* Project object */;
}
